
Microsoft Visual Studio Solution File, Format Version 12.00
# Visual Studio Version 16
VisualStudioVersion = 16.0.31424.327
MinimumVisualStudioVersion = 10.0.40219.1
Project("{9A19103F-16F7-4668-BE54-9A1E7A4F7556}") = "AuthorizationAPI", "AuthorizationAPI.csproj", "{AA4C3913-6A93-44BD-8086-A00A6D3F6547}"
EndProject
Global
	GlobalSection(SolutionConfigurationPlatforms) = preSolution
		Debug|Any CPU = Debug|Any CPU
		Release|Any CPU = Release|Any CPU
	EndGlobalSection
	GlobalSection(ProjectConfigurationPlatforms) = postSolution
		{AA4C3913-6A93-44BD-8086-A00A6D3F6547}.Debug|Any CPU.ActiveCfg = Debug|Any CPU
		{AA4C3913-6A93-44BD-8086-A00A6D3F6547}.Debug|Any CPU.Build.0 = Debug|Any CPU
		{AA4C3913-6A93-44BD-8086-A00A6D3F6547}.Release|Any CPU.ActiveCfg = Release|Any CPU
		{AA4C3913-6A93-44BD-8086-A00A6D3F6547}.Release|Any CPU.Build.0 = Release|Any CPU
	EndGlobalSection
	GlobalSection(SolutionProperties) = preSolution
		HideSolutionNode = FALSE
	EndGlobalSection
	GlobalSection(ExtensibilityGlobals) = postSolution
		SolutionGuid = {A119E948-B44F-4049-800A-49C40A52F40A}
	EndGlobalSection
EndGlobal
